
Microsoft Visual Studio Solution File, Format Version 12.00
# Visual Studio 14
VisualStudioVersion = 14.0.25420.1
MinimumVisualStudioVersion = 10.0.40219.1
Project("{FAE04EC0-301F-11D3-BF4B-00C04F79EFBC}") = "SchoolProjectServer", "SchoolProjectServer\SchoolProjectServer.csproj", "{74FC4479-DBFE-413D-9235-807C9E6CADA8}"
EndProject
Project("{FAE04EC0-301F-11D3-BF4B-00C04F79EFBC}") = "SchoolProjectServer.Tests", "SchoolProjectServer.Tests01\SchoolProjectServer.Tests.csproj", "{F50F7F7D-C7EF-43AF-AF65-D6752B49B1FA}"
EndProject
Global
	GlobalSection(SolutionConfigurationPlatforms) = preSolution
		Debug|Any CPU = Debug|Any CPU
		Release|Any CPU = Release|Any CPU
	EndGlobalSection
	GlobalSection(ProjectConfigurationPlatforms) = postSolution
		{74FC4479-DBFE-413D-9235-807C9E6CADA8}.Debug|Any CPU.ActiveCfg = Debug|Any CPU
		{74FC4479-DBFE-413D-9235-807C9E6CADA8}.Debug|Any CPU.Build.0 = Debug|Any CPU
		{74FC4479-DBFE-413D-9235-807C9E6CADA8}.Release|Any CPU.ActiveCfg = Release|Any CPU
		{74FC4479-DBFE-413D-9235-807C9E6CADA8}.Release|Any CPU.Build.0 = Release|Any CPU
		{F50F7F7D-C7EF-43AF-AF65-D6752B49B1FA}.Debug|Any CPU.ActiveCfg = Debug|Any CPU
		{F50F7F7D-C7EF-43AF-AF65-D6752B49B1FA}.Debug|Any CPU.Build.0 = Debug|Any CPU
		{F50F7F7D-C7EF-43AF-AF65-D6752B49B1FA}.Release|Any CPU.ActiveCfg = Release|Any CPU
		{F50F7F7D-C7EF-43AF-AF65-D6752B49B1FA}.Release|Any CPU.Build.0 = Release|Any CPU
	EndGlobalSection
	GlobalSection(SolutionProperties) = preSolution
		HideSolutionNode = FALSE
	EndGlobalSection
EndGlobal
